// !$*UTF8*$!
{
	archiveVersion = 1;
	classes = {
	};
	objectVersion = 56;
	objects = {

/* Begin PBXBuildFile section */
		956E4E292C11BBF700234577 /* WBMessagerApp.swift in Sources */ = {isa = PBXBuildFile; fileRef = 956E4E282C11BBF700234577 /* WBMessagerApp.swift */; };
		956E4E2B2C11BBF700234577 /* WalkthroughScreen.swift in Sources */ = {isa = PBXBuildFile; fileRef = 956E4E2A2C11BBF700234577 /* WalkthroughScreen.swift */; };
		956E4E2D2C11BBF800234577 /* Assets.xcassets in Resources */ = {isa = PBXBuildFile; fileRef = 956E4E2C2C11BBF800234577 /* Assets.xcassets */; };
		956E4E302C11BBF800234577 /* Preview Assets.xcassets in Resources */ = {isa = PBXBuildFile; fileRef = 956E4E2F2C11BBF800234577 /* Preview Assets.xcassets */; };
		956E4E3A2C12ECD200234577 /* ActionButtonView.swift in Sources */ = {isa = PBXBuildFile; fileRef = 956E4E392C12ECD200234577 /* ActionButtonView.swift */; };
		956E4E3C2C130A6F00234577 /* VerificationScreen.swift in Sources */ = {isa = PBXBuildFile; fileRef = 956E4E3B2C130A6F00234577 /* VerificationScreen.swift */; };
		9571A45C2C359C6E009287E7 /* Localizable.strings in Resources */ = {isa = PBXBuildFile; fileRef = 9571A45E2C359C6E009287E7 /* Localizable.strings */; };
		9571A4632C359EB5009287E7 /* Localizable.strings in Resources */ = {isa = PBXBuildFile; fileRef = 9571A4652C359EB5009287E7 /* Localizable.strings */; };
		9575D5B82C3583A20043D24D /* String+Extension.swift in Sources */ = {isa = PBXBuildFile; fileRef = 9575D5B72C3583A20043D24D /* String+Extension.swift */; };
		9575D5BA2C3584620043D24D /* Constants.swift in Sources */ = {isa = PBXBuildFile; fileRef = 9575D5B92C3584620043D24D /* Constants.swift */; };
		9575D5C02C3598D40043D24D /* Color+Extension.swift in Sources */ = {isa = PBXBuildFile; fileRef = 9575D5BF2C3598D40043D24D /* Color+Extension.swift */; };
		9575D5C22C35991F0043D24D /* Typography+Extension.swift in Sources */ = {isa = PBXBuildFile; fileRef = 9575D5C12C35991F0043D24D /* Typography+Extension.swift */; };
		95D4794D2C20462C000B3E1E /* UserAgreementView.swift in Sources */ = {isa = PBXBuildFile; fileRef = 95D4794C2C20462C000B3E1E /* UserAgreementView.swift */; };
/* End PBXBuildFile section */

/* Begin PBXFileReference section */
		95470D692C2BF93C009A5D1A /* Factory.playground */ = {isa = PBXFileReference; lastKnownFileType = file.playground; path = Factory.playground; sourceTree = "<group>"; xcLanguageSpecificationIdentifier = xcode.lang.swift; };
		956E4E252C11BBF700234577 /* WBMessager.app */ = {isa = PBXFileReference; explicitFileType = wrapper.application; includeInIndex = 0; path = WBMessager.app; sourceTree = BUILT_PRODUCTS_DIR; };
		956E4E282C11BBF700234577 /* WBMessagerApp.swift */ = {isa = PBXFileReference; lastKnownFileType = sourcecode.swift; path = WBMessagerApp.swift; sourceTree = "<group>"; };
		956E4E2A2C11BBF700234577 /* WalkthroughScreen.swift */ = {isa = PBXFileReference; lastKnownFileType = sourcecode.swift; path = WalkthroughScreen.swift; sourceTree = "<group>"; };
		956E4E2C2C11BBF800234577 /* Assets.xcassets */ = {isa = PBXFileReference; lastKnownFileType = folder.assetcatalog; path = Assets.xcassets; sourceTree = "<group>"; };
		956E4E2F2C11BBF800234577 /* Preview Assets.xcassets */ = {isa = PBXFileReference; lastKnownFileType = folder.assetcatalog; path = "Preview Assets.xcassets"; sourceTree = "<group>"; };
		956E4E392C12ECD200234577 /* ActionButtonView.swift */ = {isa = PBXFileReference; lastKnownFileType = sourcecode.swift; path = ActionButtonView.swift; sourceTree = "<group>"; };
		956E4E3B2C130A6F00234577 /* VerificationScreen.swift */ = {isa = PBXFileReference; lastKnownFileType = sourcecode.swift; path = VerificationScreen.swift; sourceTree = "<group>"; };
		9571A45D2C359C6E009287E7 /* ru */ = {isa = PBXFileReference; lastKnownFileType = text.plist.strings; name = ru; path = ru.lproj/Localizable.strings; sourceTree = "<group>"; };
		9571A4642C359EB5009287E7 /* en */ = {isa = PBXFileReference; lastKnownFileType = text.plist.strings; name = en; path = en.lproj/Localizable.strings; sourceTree = "<group>"; };
		9575D5B72C3583A20043D24D /* String+Extension.swift */ = {isa = PBXFileReference; lastKnownFileType = sourcecode.swift; path = "String+Extension.swift"; sourceTree = "<group>"; };
		9575D5B92C3584620043D24D /* Constants.swift */ = {isa = PBXFileReference; lastKnownFileType = sourcecode.swift; path = Constants.swift; sourceTree = "<group>"; };
		9575D5BF2C3598D40043D24D /* Color+Extension.swift */ = {isa = PBXFileReference; lastKnownFileType = sourcecode.swift; path = "Color+Extension.swift"; sourceTree = "<group>"; };
		9575D5C12C35991F0043D24D /* Typography+Extension.swift */ = {isa = PBXFileReference; lastKnownFileType = sourcecode.swift; path = "Typography+Extension.swift"; sourceTree = "<group>"; };
		95D4794C2C20462C000B3E1E /* UserAgreementView.swift */ = {isa = PBXFileReference; lastKnownFileType = sourcecode.swift; path = UserAgreementView.swift; sourceTree = "<group>"; };
/* End PBXFileReference section */

/* Begin PBXFrameworksBuildPhase section */
		956E4E222C11BBF700234577 /* Frameworks */ = {
			isa = PBXFrameworksBuildPhase;
			buildActionMask = 2147483647;
			files = (
			);
			runOnlyForDeploymentPostprocessing = 0;
		};
/* End PBXFrameworksBuildPhase section */

/* Begin PBXGroup section */
		956E4E1C2C11BBF700234577 = {
			isa = PBXGroup;
			children = (
				95470D692C2BF93C009A5D1A /* Factory.playground */,
				956E4E272C11BBF700234577 /* WBMessager */,
				956E4E262C11BBF700234577 /* Products */,
			);
			sourceTree = "<group>";
		};
		956E4E262C11BBF700234577 /* Products */ = {
			isa = PBXGroup;
			children = (
				956E4E252C11BBF700234577 /* WBMessager.app */,
			);
			name = Products;
			sourceTree = "<group>";
		};
		956E4E272C11BBF700234577 /* WBMessager */ = {
			isa = PBXGroup;
			children = (
				956E4E2C2C11BBF800234577 /* Assets.xcassets */,
				956E4E282C11BBF700234577 /* WBMessagerApp.swift */,
				95DF65FF2C19923C0035116E /* VerificationScreen */,
				95DF65FA2C1321F90035116E /* Common */,
				95DF65FE2C1991E90035116E /* WalkthroughScreen */,
				956E4E2E2C11BBF800234577 /* Preview Content */,
				9571A4652C359EB5009287E7 /* Localizable.strings */,
				9571A45E2C359C6E009287E7 /* Localizable.strings */,
			);
			path = WBMessager;
			sourceTree = "<group>";
		};
		956E4E2E2C11BBF800234577 /* Preview Content */ = {
			isa = PBXGroup;
			children = (
				956E4E2F2C11BBF800234577 /* Preview Assets.xcassets */,
			);
			path = "Preview Content";
			sourceTree = "<group>";
		};
		95D4794E2C204E15000B3E1E /* Components */ = {
			isa = PBXGroup;
			children = (
				95D4794C2C20462C000B3E1E /* UserAgreementView.swift */,
				956E4E392C12ECD200234577 /* ActionButtonView.swift */,
			);
			path = Components;
			sourceTree = "<group>";
		};
		95DF65FA2C1321F90035116E /* Common */ = {
			isa = PBXGroup;
			children = (
				95DF65FB2C1322060035116E /* Extensions */,
				9575D5B92C3584620043D24D /* Constants.swift */,
			);
			path = Common;
			sourceTree = "<group>";
		};
		95DF65FB2C1322060035116E /* Extensions */ = {
			isa = PBXGroup;
			children = (
				9575D5B72C3583A20043D24D /* String+Extension.swift */,
				9575D5BF2C3598D40043D24D /* Color+Extension.swift */,
				9575D5C12C35991F0043D24D /* Typography+Extension.swift */,
			);
			path = Extensions;
			sourceTree = "<group>";
		};
		95DF65FE2C1991E90035116E /* WalkthroughScreen */ = {
			isa = PBXGroup;
			children = (
				95D4794E2C204E15000B3E1E /* Components */,
				956E4E2A2C11BBF700234577 /* WalkthroughScreen.swift */,
			);
			path = WalkthroughScreen;
			sourceTree = "<group>";
		};
		95DF65FF2C19923C0035116E /* VerificationScreen */ = {
			isa = PBXGroup;
			children = (
				956E4E3B2C130A6F00234577 /* VerificationScreen.swift */,
			);
			path = VerificationScreen;
			sourceTree = "<group>";
		};
/* End PBXGroup section */

/* Begin PBXNativeTarget section */
		956E4E242C11BBF700234577 /* WBMessager */ = {
			isa = PBXNativeTarget;
			buildConfigurationList = 956E4E332C11BBF800234577 /* Build configuration list for PBXNativeTarget "WBMessager" */;
			buildPhases = (
				956E4E212C11BBF700234577 /* Sources */,
				956E4E222C11BBF700234577 /* Frameworks */,
				956E4E232C11BBF700234577 /* Resources */,
			);
			buildRules = (
			);
			dependencies = (
			);
			name = WBMessager;
			productName = WBMessager;
			productReference = 956E4E252C11BBF700234577 /* WBMessager.app */;
			productType = "com.apple.product-type.application";
		};
/* End PBXNativeTarget section */

/* Begin PBXProject section */
		956E4E1D2C11BBF700234577 /* Project object */ = {
			isa = PBXProject;
			attributes = {
				BuildIndependentTargetsInParallel = 1;
				LastSwiftUpdateCheck = 1420;
				LastUpgradeCheck = 1420;
				TargetAttributes = {
					956E4E242C11BBF700234577 = {
						CreatedOnToolsVersion = 14.2;
					};
				};
			};
			buildConfigurationList = 956E4E202C11BBF700234577 /* Build configuration list for PBXProject "WBMessager" */;
			compatibilityVersion = "Xcode 14.0";
			developmentRegion = en;
			hasScannedForEncodings = 0;
			knownRegions = (
				en,
				ru,
				Base,
			);
			mainGroup = 956E4E1C2C11BBF700234577;
			productRefGroup = 956E4E262C11BBF700234577 /* Products */;
			projectDirPath = "";
			projectRoot = "";
			targets = (
				956E4E242C11BBF700234577 /* WBMessager */,
			);
		};
/* End PBXProject section */

/* Begin PBXResourcesBuildPhase section */
		956E4E232C11BBF700234577 /* Resources */ = {
			isa = PBXResourcesBuildPhase;
			buildActionMask = 2147483647;
			files = (
				956E4E302C11BBF800234577 /* Preview Assets.xcassets in Resources */,
				9571A4632C359EB5009287E7 /* Localizable.strings in Resources */,
				9571A45C2C359C6E009287E7 /* Localizable.strings in Resources */,
				956E4E2D2C11BBF800234577 /* Assets.xcassets in Resources */,
			);
			runOnlyForDeploymentPostprocessing = 0;
		};
/* End PBXResourcesBuildPhase section */

/* Begin PBXSourcesBuildPhase section */
		956E4E212C11BBF700234577 /* Sources */ = {
			isa = PBXSourcesBuildPhase;
			buildActionMask = 2147483647;
			files = (
				956E4E3A2C12ECD200234577 /* ActionButtonView.swift in Sources */,
				9575D5C02C3598D40043D24D /* Color+Extension.swift in Sources */,
				9575D5B82C3583A20043D24D /* String+Extension.swift in Sources */,
				95D4794D2C20462C000B3E1E /* UserAgreementView.swift in Sources */,
				956E4E2B2C11BBF700234577 /* WalkthroughScreen.swift in Sources */,
				956E4E3C2C130A6F00234577 /* VerificationScreen.swift in Sources */,
				956E4E292C11BBF700234577 /* WBMessagerApp.swift in Sources */,
				9575D5BA2C3584620043D24D /* Constants.swift in Sources */,
				9575D5C22C35991F0043D24D /* Typography+Extension.swift in Sources */,
			);
			runOnlyForDeploymentPostprocessing = 0;
		};
/* End PBXSourcesBuildPhase section */

/* Begin PBXVariantGroup section */
		9571A45E2C359C6E009287E7 /* Localizable.strings */ = {
			isa = PBXVariantGroup;
			children = (
				9571A45D2C359C6E009287E7 /* ru */,
			);
			name = Localizable.strings;
			path = WBMessager;
			sourceTree = SOURCE_ROOT;
		};
		9571A4652C359EB5009287E7 /* Localizable.strings */ = {
			isa = PBXVariantGroup;
			children = (
				9571A4642C359EB5009287E7 /* en */,
			);
			name = Localizable.strings;
			path = ../../Desktop;
			sourceTree = SOURCE_ROOT;
		};
/* End PBXVariantGroup section */

/* Begin XCBuildConfiguration section */
		956E4E312C11BBF800234577 /* Debug */ = {
			isa = XCBuildConfiguration;
			buildSettings = {
				ALWAYS_SEARCH_USER_PATHS = NO;
				CLANG_ANALYZER_LOCALIZABILITY_NONLOCALIZED = YES;
				CLANG_ANALYZER_NONNULL = YES;
				CLANG_ANALYZER_NUMBER_OBJECT_CONVERSION = YES_AGGRESSIVE;
				CLANG_CXX_LANGUAGE_STANDARD = "gnu++20";
				CLANG_ENABLE_MODULES = YES;
				CLANG_ENABLE_OBJC_ARC = YES;
				CLANG_ENABLE_OBJC_WEAK = YES;
				CLANG_WARN_BLOCK_CAPTURE_AUTORELEASING = YES;
				CLANG_WARN_BOOL_CONVERSION = YES;
				CLANG_WARN_COMMA = YES;
				CLANG_WARN_CONSTANT_CONVERSION = YES;
				CLANG_WARN_DEPRECATED_OBJC_IMPLEMENTATIONS = YES;
				CLANG_WARN_DIRECT_OBJC_ISA_USAGE = YES_ERROR;
				CLANG_WARN_DOCUMENTATION_COMMENTS = YES;
				CLANG_WARN_EMPTY_BODY = YES;
				CLANG_WARN_ENUM_CONVERSION = YES;
				CLANG_WARN_INFINITE_RECURSION = YES;
				CLANG_WARN_INT_CONVERSION = YES;
				CLANG_WARN_NON_LITERAL_NULL_CONVERSION = YES;
				CLANG_WARN_OBJC_IMPLICIT_RETAIN_SELF = YES;
				CLANG_WARN_OBJC_LITERAL_CONVERSION = YES;
				CLANG_WARN_OBJC_ROOT_CLASS = YES_ERROR;
				CLANG_WARN_QUOTED_INCLUDE_IN_FRAMEWORK_HEADER = YES;
				CLANG_WARN_RANGE_LOOP_ANALYSIS = YES;
				CLANG_WARN_STRICT_PROTOTYPES = YES;
				CLANG_WARN_SUSPICIOUS_MOVE = YES;
				CLANG_WARN_UNGUARDED_AVAILABILITY = YES_AGGRESSIVE;
				CLANG_WARN_UNREACHABLE_CODE = YES;
				CLANG_WARN__DUPLICATE_METHOD_MATCH = YES;
				COPY_PHASE_STRIP = NO;
				DEBUG_INFORMATION_FORMAT = dwarf;
				ENABLE_STRICT_OBJC_MSGSEND = YES;
				ENABLE_TESTABILITY = YES;
				GCC_C_LANGUAGE_STANDARD = gnu11;
				GCC_DYNAMIC_NO_PIC = NO;
				GCC_NO_COMMON_BLOCKS = YES;
				GCC_OPTIMIZATION_LEVEL = 0;
				GCC_PREPROCESSOR_DEFINITIONS = (
					"DEBUG=1",
					"$(inherited)",
				);
				GCC_WARN_64_TO_32_BIT_CONVERSION = YES;
				GCC_WARN_ABOUT_RETURN_TYPE = YES_ERROR;
				GCC_WARN_UNDECLARED_SELECTOR = YES;
				GCC_WARN_UNINITIALIZED_AUTOS = YES_AGGRESSIVE;
				GCC_WARN_UNUSED_FUNCTION = YES;
				GCC_WARN_UNUSED_VARIABLE = YES;
				IPHONEOS_DEPLOYMENT_TARGET = 16.2;
				MTL_ENABLE_DEBUG_INFO = INCLUDE_SOURCE;
				MTL_FAST_MATH = YES;
				ONLY_ACTIVE_ARCH = YES;
				SDKROOT = iphoneos;
				SWIFT_ACTIVE_COMPILATION_CONDITIONS = DEBUG;
				SWIFT_OPTIMIZATION_LEVEL = "-Onone";
			};
			name = Debug;
		};
		956E4E322C11BBF800234577 /* Release */ = {
			isa = XCBuildConfiguration;
			buildSettings = {
				ALWAYS_SEARCH_USER_PATHS = NO;
				CLANG_ANALYZER_LOCALIZABILITY_NONLOCALIZED = YES;
				CLANG_ANALYZER_NONNULL = YES;
				CLANG_ANALYZER_NUMBER_OBJECT_CONVERSION = YES_AGGRESSIVE;
				CLANG_CXX_LANGUAGE_STANDARD = "gnu++20";
				CLANG_ENABLE_MODULES = YES;
				CLANG_ENABLE_OBJC_ARC = YES;
				CLANG_ENABLE_OBJC_WEAK = YES;
				CLANG_WARN_BLOCK_CAPTURE_AUTORELEASING = YES;
				CLANG_WARN_BOOL_CONVERSION = YES;
				CLANG_WARN_COMMA = YES;
				CLANG_WARN_CONSTANT_CONVERSION = YES;
				CLANG_WARN_DEPRECATED_OBJC_IMPLEMENTATIONS = YES;
				CLANG_WARN_DIRECT_OBJC_ISA_USAGE = YES_ERROR;
				CLANG_WARN_DOCUMENTATION_COMMENTS = YES;
				CLANG_WARN_EMPTY_BODY = YES;
				CLANG_WARN_ENUM_CONVERSION = YES;
				CLANG_WARN_INFINITE_RECURSION = YES;
				CLANG_WARN_INT_CONVERSION = YES;
				CLANG_WARN_NON_LITERAL_NULL_CONVERSION = YES;
				CLANG_WARN_OBJC_IMPLICIT_RETAIN_SELF = YES;
				CLANG_WARN_OBJC_LITERAL_CONVERSION = YES;
				CLANG_WARN_OBJC_ROOT_CLASS = YES_ERROR;
				CLANG_WARN_QUOTED_INCLUDE_IN_FRAMEWORK_HEADER = YES;
				CLANG_WARN_RANGE_LOOP_ANALYSIS = YES;
				CLANG_WARN_STRICT_PROTOTYPES = YES;
				CLANG_WARN_SUSPICIOUS_MOVE = YES;
				CLANG_WARN_UNGUARDED_AVAILABILITY = YES_AGGRESSIVE;
				CLANG_WARN_UNREACHABLE_CODE = YES;
				CLANG_WARN__DUPLICATE_METHOD_MATCH = YES;
				COPY_PHASE_STRIP = NO;
				DEBUG_INFORMATION_FORMAT = "dwarf-with-dsym";
				ENABLE_NS_ASSERTIONS = NO;
				ENABLE_STRICT_OBJC_MSGSEND = YES;
				GCC_C_LANGUAGE_STANDARD = gnu11;
				GCC_NO_COMMON_BLOCKS = YES;
				GCC_WARN_64_TO_32_BIT_CONVERSION = YES;
				GCC_WARN_ABOUT_RETURN_TYPE = YES_ERROR;
				GCC_WARN_UNDECLARED_SELECTOR = YES;
				GCC_WARN_UNINITIALIZED_AUTOS = YES_AGGRESSIVE;
				GCC_WARN_UNUSED_FUNCTION = YES;
				GCC_WARN_UNUSED_VARIABLE = YES;
				IPHONEOS_DEPLOYMENT_TARGET = 16.2;
				MTL_ENABLE_DEBUG_INFO = NO;
				MTL_FAST_MATH = YES;
				SDKROOT = iphoneos;
				SWIFT_COMPILATION_MODE = wholemodule;
				SWIFT_OPTIMIZATION_LEVEL = "-O";
				VALIDATE_PRODUCT = YES;
			};
			name = Release;
		};
		956E4E342C11BBF800234577 /* Debug */ = {
			isa = XCBuildConfiguration;
			buildSettings = {
				ASSETCATALOG_COMPILER_APPICON_NAME = AppIcon;
				ASSETCATALOG_COMPILER_GLOBAL_ACCENT_COLOR_NAME = AccentColor;
				CODE_SIGN_STYLE = Automatic;
				CURRENT_PROJECT_VERSION = 1;
				DEVELOPMENT_ASSET_PATHS = "\"WBMessager/Preview Content\"";
				ENABLE_PREVIEWS = YES;
				GENERATE_INFOPLIST_FILE = YES;
				INFOPLIST_KEY_UIApplicationSceneManifest_Generation = YES;
				INFOPLIST_KEY_UIApplicationSupportsIndirectInputEvents = YES;
				INFOPLIST_KEY_UILaunchScreen_Generation = YES;
				INFOPLIST_KEY_UISupportedInterfaceOrientations_iPad = "UIInterfaceOrientationPortrait UIInterfaceOrientationPortraitUpsideDown UIInterfaceOrientationLandscapeLeft UIInterfaceOrientationLandscapeRight";
				INFOPLIST_KEY_UISupportedInterfaceOrientations_iPhone = "UIInterfaceOrientationPortrait UIInterfaceOrientationLandscapeLeft UIInterfaceOrientationLandscapeRight";
				IPHONEOS_DEPLOYMENT_TARGET = 16.0;
				LD_RUNPATH_SEARCH_PATHS = (
					"$(inherited)",
					"@executable_path/Frameworks",
				);
				MARKETING_VERSION = 1.0;
				PRODUCT_BUNDLE_IDENTIFIER = "Anna-Plotnikova.WBMessager";
				PRODUCT_NAME = "$(TARGET_NAME)";
				SWIFT_EMIT_LOC_STRINGS = YES;
				SWIFT_VERSION = 5.0;
				TARGETED_DEVICE_FAMILY = "1,2";
			};
			name = Debug;
		};
		956E4E352C11BBF800234577 /* Release */ = {
			isa = XCBuildConfiguration;
			buildSettings = {
				ASSETCATALOG_COMPILER_APPICON_NAME = AppIcon;
				ASSETCATALOG_COMPILER_GLOBAL_ACCENT_COLOR_NAME = AccentColor;
				CODE_SIGN_STYLE = Automatic;
				CURRENT_PROJECT_VERSION = 1;
				DEVELOPMENT_ASSET_PATHS = "\"WBMessager/Preview Content\"";
				ENABLE_PREVIEWS = YES;
				GENERATE_INFOPLIST_FILE = YES;
				INFOPLIST_KEY_UIApplicationSceneManifest_Generation = YES;
				INFOPLIST_KEY_UIApplicationSupportsIndirectInputEvents = YES;
				INFOPLIST_KEY_UILaunchScreen_Generation = YES;
				INFOPLIST_KEY_UISupportedInterfaceOrientations_iPad = "UIInterfaceOrientationPortrait UIInterfaceOrientationPortraitUpsideDown UIInterfaceOrientationLandscapeLeft UIInterfaceOrientationLandscapeRight";
				INFOPLIST_KEY_UISupportedInterfaceOrientations_iPhone = "UIInterfaceOrientationPortrait UIInterfaceOrientationLandscapeLeft UIInterfaceOrientationLandscapeRight";
				IPHONEOS_DEPLOYMENT_TARGET = 16.0;
				LD_RUNPATH_SEARCH_PATHS = (
					"$(inherited)",
					"@executable_path/Frameworks",
				);
				MARKETING_VERSION = 1.0;
				PRODUCT_BUNDLE_IDENTIFIER = "Anna-Plotnikova.WBMessager";
				PRODUCT_NAME = "$(TARGET_NAME)";
				SWIFT_EMIT_LOC_STRINGS = YES;
				SWIFT_VERSION = 5.0;
				TARGETED_DEVICE_FAMILY = "1,2";
			};
			name = Release;
		};
/* End XCBuildConfiguration section */

/* Begin XCConfigurationList section */
		956E4E202C11BBF700234577 /* Build configuration list for PBXProject "WBMessager" */ = {
			isa = XCConfigurationList;
			buildConfigurations = (
				956E4E312C11BBF800234577 /* Debug */,
				956E4E322C11BBF800234577 /* Release */,
			);
			defaultConfigurationIsVisible = 0;
			defaultConfigurationName = Release;
		};
		956E4E332C11BBF800234577 /* Build configuration list for PBXNativeTarget "WBMessager" */ = {
			isa = XCConfigurationList;
			buildConfigurations = (
				956E4E342C11BBF800234577 /* Debug */,
				956E4E352C11BBF800234577 /* Release */,
			);
			defaultConfigurationIsVisible = 0;
			defaultConfigurationName = Release;
		};
/* End XCConfigurationList section */
	};
	rootObject = 956E4E1D2C11BBF700234577 /* Project object */;
}
