// !$*UTF8*$!
{
	archiveVersion = 1;
	classes = {
	};
	objectVersion = 56;
	objects = {

/* Begin PBXBuildFile section */
		952A38652C3878C700BBB790 /* Localizable.strings in Resources */ = {isa = PBXBuildFile; fileRef = 952A38632C3878C600BBB790 /* Localizable.strings */; };
		952A38702C38795400BBB790 /* ContactsScreen.swift in Sources */ = {isa = PBXBuildFile; fileRef = 952A386A2C38795400BBB790 /* ContactsScreen.swift */; };
		952A38712C38795400BBB790 /* ContactCardView.swift in Sources */ = {isa = PBXBuildFile; fileRef = 952A386C2C38795400BBB790 /* ContactCardView.swift */; };
		952A38722C38795400BBB790 /* ContactAvatarView.swift in Sources */ = {isa = PBXBuildFile; fileRef = 952A386D2C38795400BBB790 /* ContactAvatarView.swift */; };
		952A38732C38795400BBB790 /* ContactCardModel.swift in Sources */ = {isa = PBXBuildFile; fileRef = 952A386F2C38795400BBB790 /* ContactCardModel.swift */; };
		952A38772C387A3B00BBB790 /* ProfileAccountScreen.swift in Sources */ = {isa = PBXBuildFile; fileRef = 952A38752C387A3A00BBB790 /* ProfileAccountScreen.swift */; };
		952A38782C387A3B00BBB790 /* ProfileAccountButtonsView.swift in Sources */ = {isa = PBXBuildFile; fileRef = 952A38762C387A3A00BBB790 /* ProfileAccountButtonsView.swift */; };
		952A387A2C387A6E00BBB790 /* Date+Extension.swift in Sources */ = {isa = PBXBuildFile; fileRef = 952A38792C387A6E00BBB790 /* Date+Extension.swift */; };
		952A387E2C387A9400BBB790 /* BottomNavigationView.swift in Sources */ = {isa = PBXBuildFile; fileRef = 952A387C2C387A9300BBB790 /* BottomNavigationView.swift */; };
		952A387F2C387A9400BBB790 /* SearchBarView.swift in Sources */ = {isa = PBXBuildFile; fileRef = 952A387D2C387A9300BBB790 /* SearchBarView.swift */; };
		952A38822C387FE600BBB790 /* MoreScreen.swift in Sources */ = {isa = PBXBuildFile; fileRef = 952A38802C387FE500BBB790 /* MoreScreen.swift */; };
		952A38832C387FE600BBB790 /* ChatsScreen.swift in Sources */ = {isa = PBXBuildFile; fileRef = 952A38812C387FE500BBB790 /* ChatsScreen.swift */; };
		956C2A792C3D2782004F80D9 /* VerificationCodeScreen.swift in Sources */ = {isa = PBXBuildFile; fileRef = 956C2A782C3D2782004F80D9 /* VerificationCodeScreen.swift */; };
		956C2A7C2C3E6747004F80D9 /* CodeInformationView.swift in Sources */ = {isa = PBXBuildFile; fileRef = 956C2A7B2C3E6747004F80D9 /* CodeInformationView.swift */; };
		956C2A7E2C3E7062004F80D9 /* CodeInputView.swift in Sources */ = {isa = PBXBuildFile; fileRef = 956C2A7D2C3E7062004F80D9 /* CodeInputView.swift */; };
		956C2A802C3E709C004F80D9 /* OTPModel.swift in Sources */ = {isa = PBXBuildFile; fileRef = 956C2A7F2C3E709C004F80D9 /* OTPModel.swift */; };
		956E4E292C11BBF700234577 /* WBMessagerApp.swift in Sources */ = {isa = PBXBuildFile; fileRef = 956E4E282C11BBF700234577 /* WBMessagerApp.swift */; };
		956E4E2B2C11BBF700234577 /* WalkthroughScreen.swift in Sources */ = {isa = PBXBuildFile; fileRef = 956E4E2A2C11BBF700234577 /* WalkthroughScreen.swift */; };
		956E4E2D2C11BBF800234577 /* Assets.xcassets in Resources */ = {isa = PBXBuildFile; fileRef = 956E4E2C2C11BBF800234577 /* Assets.xcassets */; };
		956E4E302C11BBF800234577 /* Preview Assets.xcassets in Resources */ = {isa = PBXBuildFile; fileRef = 956E4E2F2C11BBF800234577 /* Preview Assets.xcassets */; };
		956E4E3A2C12ECD200234577 /* ActionButtonStyleView.swift in Sources */ = {isa = PBXBuildFile; fileRef = 956E4E392C12ECD200234577 /* ActionButtonStyleView.swift */; };
		956E4E3C2C130A6F00234577 /* VerificationPhoneNumberScreen.swift in Sources */ = {isa = PBXBuildFile; fileRef = 956E4E3B2C130A6F00234577 /* VerificationPhoneNumberScreen.swift */; };
		9575D5B82C3583A20043D24D /* String+Extension.swift in Sources */ = {isa = PBXBuildFile; fileRef = 9575D5B72C3583A20043D24D /* String+Extension.swift */; };
		9575D5BA2C3584620043D24D /* Constants.swift in Sources */ = {isa = PBXBuildFile; fileRef = 9575D5B92C3584620043D24D /* Constants.swift */; };
		9575D5C02C3598D40043D24D /* Color+Extension.swift in Sources */ = {isa = PBXBuildFile; fileRef = 9575D5BF2C3598D40043D24D /* Color+Extension.swift */; };
		9575D5C22C35991F0043D24D /* Typography+Extension.swift in Sources */ = {isa = PBXBuildFile; fileRef = 9575D5C12C35991F0043D24D /* Typography+Extension.swift */; };
		95B440262C3BD96900129D83 /* CountryModel.swift in Sources */ = {isa = PBXBuildFile; fileRef = 95B440252C3BD96900129D83 /* CountryModel.swift */; };
		95B4402A2C3BE28700129D83 /* PhoneNumberInputView.swift in Sources */ = {isa = PBXBuildFile; fileRef = 95B440292C3BE28700129D83 /* PhoneNumberInputView.swift */; };
		95B4402E2C3C305700129D83 /* EndlessLoadAnimation.swift in Sources */ = {isa = PBXBuildFile; fileRef = 95B4402D2C3C305700129D83 /* EndlessLoadAnimation.swift */; };
		95D4794D2C20462C000B3E1E /* UserAgreementView.swift in Sources */ = {isa = PBXBuildFile; fileRef = 95D4794C2C20462C000B3E1E /* UserAgreementView.swift */; };
/* End PBXBuildFile section */

/* Begin PBXFileReference section */
		952A38642C3878C600BBB790 /* en */ = {isa = PBXFileReference; lastKnownFileType = text.plist.strings; name = en; path = WBMessager/en.lproj/Localizable.strings; sourceTree = "<group>"; };
		952A38662C3878D500BBB790 /* ru */ = {isa = PBXFileReference; lastKnownFileType = text.plist.strings; name = ru; path = WBMessager/ru.lproj/Localizable.strings; sourceTree = "<group>"; };
		952A386A2C38795400BBB790 /* ContactsScreen.swift */ = {isa = PBXFileReference; fileEncoding = 4; lastKnownFileType = sourcecode.swift; path = ContactsScreen.swift; sourceTree = "<group>"; };
		952A386C2C38795400BBB790 /* ContactCardView.swift */ = {isa = PBXFileReference; fileEncoding = 4; lastKnownFileType = sourcecode.swift; path = ContactCardView.swift; sourceTree = "<group>"; };
		952A386D2C38795400BBB790 /* ContactAvatarView.swift */ = {isa = PBXFileReference; fileEncoding = 4; lastKnownFileType = sourcecode.swift; path = ContactAvatarView.swift; sourceTree = "<group>"; };
		952A386F2C38795400BBB790 /* ContactCardModel.swift */ = {isa = PBXFileReference; fileEncoding = 4; lastKnownFileType = sourcecode.swift; path = ContactCardModel.swift; sourceTree = "<group>"; };
		952A38752C387A3A00BBB790 /* ProfileAccountScreen.swift */ = {isa = PBXFileReference; fileEncoding = 4; lastKnownFileType = sourcecode.swift; path = ProfileAccountScreen.swift; sourceTree = "<group>"; };
		952A38762C387A3A00BBB790 /* ProfileAccountButtonsView.swift */ = {isa = PBXFileReference; fileEncoding = 4; lastKnownFileType = sourcecode.swift; path = ProfileAccountButtonsView.swift; sourceTree = "<group>"; };
		952A38792C387A6E00BBB790 /* Date+Extension.swift */ = {isa = PBXFileReference; fileEncoding = 4; lastKnownFileType = sourcecode.swift; path = "Date+Extension.swift"; sourceTree = "<group>"; };
		952A387C2C387A9300BBB790 /* BottomNavigationView.swift */ = {isa = PBXFileReference; fileEncoding = 4; lastKnownFileType = sourcecode.swift; path = BottomNavigationView.swift; sourceTree = "<group>"; };
		952A387D2C387A9300BBB790 /* SearchBarView.swift */ = {isa = PBXFileReference; fileEncoding = 4; lastKnownFileType = sourcecode.swift; path = SearchBarView.swift; sourceTree = "<group>"; };
		952A38802C387FE500BBB790 /* MoreScreen.swift */ = {isa = PBXFileReference; fileEncoding = 4; lastKnownFileType = sourcecode.swift; path = MoreScreen.swift; sourceTree = "<group>"; };
		952A38812C387FE500BBB790 /* ChatsScreen.swift */ = {isa = PBXFileReference; fileEncoding = 4; lastKnownFileType = sourcecode.swift; path = ChatsScreen.swift; sourceTree = "<group>"; };
		956C2A782C3D2782004F80D9 /* VerificationCodeScreen.swift */ = {isa = PBXFileReference; lastKnownFileType = sourcecode.swift; path = VerificationCodeScreen.swift; sourceTree = "<group>"; };
		956C2A7B2C3E6747004F80D9 /* CodeInformationView.swift */ = {isa = PBXFileReference; lastKnownFileType = sourcecode.swift; path = CodeInformationView.swift; sourceTree = "<group>"; };
		956C2A7D2C3E7062004F80D9 /* CodeInputView.swift */ = {isa = PBXFileReference; lastKnownFileType = sourcecode.swift; path = CodeInputView.swift; sourceTree = "<group>"; };
		956C2A7F2C3E709C004F80D9 /* OTPModel.swift */ = {isa = PBXFileReference; lastKnownFileType = sourcecode.swift; path = OTPModel.swift; sourceTree = "<group>"; };
		956E4E252C11BBF700234577 /* WBMessager.app */ = {isa = PBXFileReference; explicitFileType = wrapper.application; includeInIndex = 0; path = WBMessager.app; sourceTree = BUILT_PRODUCTS_DIR; };
		956E4E282C11BBF700234577 /* WBMessagerApp.swift */ = {isa = PBXFileReference; lastKnownFileType = sourcecode.swift; path = WBMessagerApp.swift; sourceTree = "<group>"; };
		956E4E2A2C11BBF700234577 /* WalkthroughScreen.swift */ = {isa = PBXFileReference; lastKnownFileType = sourcecode.swift; path = WalkthroughScreen.swift; sourceTree = "<group>"; };
		956E4E2C2C11BBF800234577 /* Assets.xcassets */ = {isa = PBXFileReference; lastKnownFileType = folder.assetcatalog; path = Assets.xcassets; sourceTree = "<group>"; };
		956E4E2F2C11BBF800234577 /* Preview Assets.xcassets */ = {isa = PBXFileReference; lastKnownFileType = folder.assetcatalog; path = "Preview Assets.xcassets"; sourceTree = "<group>"; };
		956E4E392C12ECD200234577 /* ActionButtonStyleView.swift */ = {isa = PBXFileReference; lastKnownFileType = sourcecode.swift; path = ActionButtonStyleView.swift; sourceTree = "<group>"; };
		956E4E3B2C130A6F00234577 /* VerificationPhoneNumberScreen.swift */ = {isa = PBXFileReference; lastKnownFileType = sourcecode.swift; path = VerificationPhoneNumberScreen.swift; sourceTree = "<group>"; };
		9575D5B72C3583A20043D24D /* String+Extension.swift */ = {isa = PBXFileReference; lastKnownFileType = sourcecode.swift; path = "String+Extension.swift"; sourceTree = "<group>"; };
		9575D5B92C3584620043D24D /* Constants.swift */ = {isa = PBXFileReference; lastKnownFileType = sourcecode.swift; path = Constants.swift; sourceTree = "<group>"; };
		9575D5BF2C3598D40043D24D /* Color+Extension.swift */ = {isa = PBXFileReference; lastKnownFileType = sourcecode.swift; path = "Color+Extension.swift"; sourceTree = "<group>"; };
		9575D5C12C35991F0043D24D /* Typography+Extension.swift */ = {isa = PBXFileReference; lastKnownFileType = sourcecode.swift; path = "Typography+Extension.swift"; sourceTree = "<group>"; };
		95B440252C3BD96900129D83 /* CountryModel.swift */ = {isa = PBXFileReference; lastKnownFileType = sourcecode.swift; path = CountryModel.swift; sourceTree = "<group>"; };
		95B440292C3BE28700129D83 /* PhoneNumberInputView.swift */ = {isa = PBXFileReference; lastKnownFileType = sourcecode.swift; path = PhoneNumberInputView.swift; sourceTree = "<group>"; };
		95B4402D2C3C305700129D83 /* EndlessLoadAnimation.swift */ = {isa = PBXFileReference; lastKnownFileType = sourcecode.swift; path = EndlessLoadAnimation.swift; sourceTree = "<group>"; };
		95D4794C2C20462C000B3E1E /* UserAgreementView.swift */ = {isa = PBXFileReference; lastKnownFileType = sourcecode.swift; path = UserAgreementView.swift; sourceTree = "<group>"; };
/* End PBXFileReference section */

/* Begin PBXFrameworksBuildPhase section */
		956E4E222C11BBF700234577 /* Frameworks */ = {
			isa = PBXFrameworksBuildPhase;
			buildActionMask = 2147483647;
			files = (
			);
			runOnlyForDeploymentPostprocessing = 0;
		};
/* End PBXFrameworksBuildPhase section */

/* Begin PBXGroup section */
		952A38692C38795400BBB790 /* ContactsScreen */ = {
			isa = PBXGroup;
			children = (
				952A386A2C38795400BBB790 /* ContactsScreen.swift */,
				952A386B2C38795400BBB790 /* Components */,
				952A386E2C38795400BBB790 /* Model */,
			);
			path = ContactsScreen;
			sourceTree = "<group>";
		};
		952A386B2C38795400BBB790 /* Components */ = {
			isa = PBXGroup;
			children = (
				952A386C2C38795400BBB790 /* ContactCardView.swift */,
				952A386D2C38795400BBB790 /* ContactAvatarView.swift */,
			);
			path = Components;
			sourceTree = "<group>";
		};
		952A386E2C38795400BBB790 /* Model */ = {
			isa = PBXGroup;
			children = (
				952A386F2C38795400BBB790 /* ContactCardModel.swift */,
			);
			path = Model;
			sourceTree = "<group>";
		};
		952A38742C387A3A00BBB790 /* ProfileAcountScreen */ = {
			isa = PBXGroup;
			children = (
				952A38752C387A3A00BBB790 /* ProfileAccountScreen.swift */,
				952A38762C387A3A00BBB790 /* ProfileAccountButtonsView.swift */,
			);
			path = ProfileAcountScreen;
			sourceTree = "<group>";
		};
		952A387B2C387A9300BBB790 /* Components */ = {
			isa = PBXGroup;
			children = (
				952A387C2C387A9300BBB790 /* BottomNavigationView.swift */,
				956E4E392C12ECD200234577 /* ActionButtonStyleView.swift */,
				952A387D2C387A9300BBB790 /* SearchBarView.swift */,
			);
			path = Components;
			sourceTree = "<group>";
		};
		956C2A7A2C3E669F004F80D9 /* VerificationCodeScreen */ = {
			isa = PBXGroup;
			children = (
				956C2A822C3E772D004F80D9 /* Components */,
				956C2A812C3E771B004F80D9 /* Model */,
				956C2A782C3D2782004F80D9 /* VerificationCodeScreen.swift */,
			);
			path = VerificationCodeScreen;
			sourceTree = "<group>";
		};
		956C2A812C3E771B004F80D9 /* Model */ = {
			isa = PBXGroup;
			children = (
				956C2A7F2C3E709C004F80D9 /* OTPModel.swift */,
			);
			path = Model;
			sourceTree = "<group>";
		};
		956C2A822C3E772D004F80D9 /* Components */ = {
			isa = PBXGroup;
			children = (
				956C2A7D2C3E7062004F80D9 /* CodeInputView.swift */,
				956C2A7B2C3E6747004F80D9 /* CodeInformationView.swift */,
			);
			path = Components;
			sourceTree = "<group>";
		};
		956E4E1C2C11BBF700234577 = {
			isa = PBXGroup;
			children = (
				956E4E272C11BBF700234577 /* WBMessager */,
				956E4E262C11BBF700234577 /* Products */,
			);
			sourceTree = "<group>";
		};
		956E4E262C11BBF700234577 /* Products */ = {
			isa = PBXGroup;
			children = (
				956E4E252C11BBF700234577 /* WBMessager.app */,
			);
			name = Products;
			sourceTree = "<group>";
		};
		956E4E272C11BBF700234577 /* WBMessager */ = {
			isa = PBXGroup;
			children = (
				956C2A7A2C3E669F004F80D9 /* VerificationCodeScreen */,
				952A38802C387FE500BBB790 /* MoreScreen.swift */,
				952A38812C387FE500BBB790 /* ChatsScreen.swift */,
				952A38742C387A3A00BBB790 /* ProfileAcountScreen */,
				952A38692C38795400BBB790 /* ContactsScreen */,
				956E4E2C2C11BBF800234577 /* Assets.xcassets */,
				956E4E282C11BBF700234577 /* WBMessagerApp.swift */,
				95DF65FF2C19923C0035116E /* VerificationPhoneNumberScreen */,
				95DF65FA2C1321F90035116E /* Common */,
				95DF65FE2C1991E90035116E /* WalkthroughScreen */,
				956E4E2E2C11BBF800234577 /* Preview Content */,
			);
			path = WBMessager;
			sourceTree = "<group>";
		};
		956E4E2E2C11BBF800234577 /* Preview Content */ = {
			isa = PBXGroup;
			children = (
				956E4E2F2C11BBF800234577 /* Preview Assets.xcassets */,
			);
			path = "Preview Content";
			sourceTree = "<group>";
		};
		95B4402B2C3C203900129D83 /* Model */ = {
			isa = PBXGroup;
			children = (
				95B440252C3BD96900129D83 /* CountryModel.swift */,
			);
			path = Model;
			sourceTree = "<group>";
		};
		95B4402C2C3C206500129D83 /* Components */ = {
			isa = PBXGroup;
			children = (
				95B440292C3BE28700129D83 /* PhoneNumberInputView.swift */,
				95B4402D2C3C305700129D83 /* EndlessLoadAnimation.swift */,
			);
			path = Components;
			sourceTree = "<group>";
		};
		95D4794E2C204E15000B3E1E /* Components */ = {
			isa = PBXGroup;
			children = (
				95D4794C2C20462C000B3E1E /* UserAgreementView.swift */,
			);
			path = Components;
			sourceTree = "<group>";
		};
		95DF65FA2C1321F90035116E /* Common */ = {
			isa = PBXGroup;
			children = (
				952A38632C3878C600BBB790 /* Localizable.strings */,
				952A387B2C387A9300BBB790 /* Components */,
				95DF65FB2C1322060035116E /* Extensions */,
				9575D5B92C3584620043D24D /* Constants.swift */,
			);
			path = Common;
			sourceTree = "<group>";
		};
		95DF65FB2C1322060035116E /* Extensions */ = {
			isa = PBXGroup;
			children = (
				9575D5B72C3583A20043D24D /* String+Extension.swift */,
				952A38792C387A6E00BBB790 /* Date+Extension.swift */,
				9575D5BF2C3598D40043D24D /* Color+Extension.swift */,
				9575D5C12C35991F0043D24D /* Typography+Extension.swift */,
			);
			path = Extensions;
			sourceTree = "<group>";
		};
		95DF65FE2C1991E90035116E /* WalkthroughScreen */ = {
			isa = PBXGroup;
			children = (
				95D4794E2C204E15000B3E1E /* Components */,
				956E4E2A2C11BBF700234577 /* WalkthroughScreen.swift */,
			);
			path = WalkthroughScreen;
			sourceTree = "<group>";
		};
		95DF65FF2C19923C0035116E /* VerificationPhoneNumberScreen */ = {
			isa = PBXGroup;
			children = (
				95B4402C2C3C206500129D83 /* Components */,
				95B4402B2C3C203900129D83 /* Model */,
				956E4E3B2C130A6F00234577 /* VerificationPhoneNumberScreen.swift */,
			);
			path = VerificationPhoneNumberScreen;
			sourceTree = "<group>";
		};
/* End PBXGroup section */

/* Begin PBXNativeTarget section */
		956E4E242C11BBF700234577 /* WBMessager */ = {
			isa = PBXNativeTarget;
			buildConfigurationList = 956E4E332C11BBF800234577 /* Build configuration list for PBXNativeTarget "WBMessager" */;
			buildPhases = (
				956E4E212C11BBF700234577 /* Sources */,
				956E4E222C11BBF700234577 /* Frameworks */,
				956E4E232C11BBF700234577 /* Resources */,
			);
			buildRules = (
			);
			dependencies = (
			);
			name = WBMessager;
			productName = WBMessager;
			productReference = 956E4E252C11BBF700234577 /* WBMessager.app */;
			productType = "com.apple.product-type.application";
		};
/* End PBXNativeTarget section */

/* Begin PBXProject section */
		956E4E1D2C11BBF700234577 /* Project object */ = {
			isa = PBXProject;
			attributes = {
				BuildIndependentTargetsInParallel = 1;
				LastSwiftUpdateCheck = 1420;
				LastUpgradeCheck = 1420;
				TargetAttributes = {
					956E4E242C11BBF700234577 = {
						CreatedOnToolsVersion = 14.2;
					};
				};
			};
			buildConfigurationList = 956E4E202C11BBF700234577 /* Build configuration list for PBXProject "WBMessager" */;
			compatibilityVersion = "Xcode 14.0";
			developmentRegion = en;
			hasScannedForEncodings = 0;
			knownRegions = (
				en,
				ru,
				Base,
			);
			mainGroup = 956E4E1C2C11BBF700234577;
			productRefGroup = 956E4E262C11BBF700234577 /* Products */;
			projectDirPath = "";
			projectRoot = "";
			targets = (
				956E4E242C11BBF700234577 /* WBMessager */,
			);
		};
/* End PBXProject section */

/* Begin PBXResourcesBuildPhase section */
		956E4E232C11BBF700234577 /* Resources */ = {
			isa = PBXResourcesBuildPhase;
			buildActionMask = 2147483647;
			files = (
				956E4E302C11BBF800234577 /* Preview Assets.xcassets in Resources */,
				952A38652C3878C700BBB790 /* Localizable.strings in Resources */,
				956E4E2D2C11BBF800234577 /* Assets.xcassets in Resources */,
			);
			runOnlyForDeploymentPostprocessing = 0;
		};
/* End PBXResourcesBuildPhase section */

/* Begin PBXSourcesBuildPhase section */
		956E4E212C11BBF700234577 /* Sources */ = {
			isa = PBXSourcesBuildPhase;
			buildActionMask = 2147483647;
			files = (
				956E4E3A2C12ECD200234577 /* ActionButtonStyleView.swift in Sources */,
				952A38722C38795400BBB790 /* ContactAvatarView.swift in Sources */,
				956C2A7C2C3E6747004F80D9 /* CodeInformationView.swift in Sources */,
				952A387A2C387A6E00BBB790 /* Date+Extension.swift in Sources */,
				952A38702C38795400BBB790 /* ContactsScreen.swift in Sources */,
				95B4402E2C3C305700129D83 /* EndlessLoadAnimation.swift in Sources */,
				952A38712C38795400BBB790 /* ContactCardView.swift in Sources */,
				9575D5C02C3598D40043D24D /* Color+Extension.swift in Sources */,
				952A38772C387A3B00BBB790 /* ProfileAccountScreen.swift in Sources */,
				952A387F2C387A9400BBB790 /* SearchBarView.swift in Sources */,
				952A38732C38795400BBB790 /* ContactCardModel.swift in Sources */,
				9575D5B82C3583A20043D24D /* String+Extension.swift in Sources */,
				956C2A7E2C3E7062004F80D9 /* CodeInputView.swift in Sources */,
				95D4794D2C20462C000B3E1E /* UserAgreementView.swift in Sources */,
				952A38832C387FE600BBB790 /* ChatsScreen.swift in Sources */,
				956C2A792C3D2782004F80D9 /* VerificationCodeScreen.swift in Sources */,
				956E4E2B2C11BBF700234577 /* WalkthroughScreen.swift in Sources */,
				95B4402A2C3BE28700129D83 /* PhoneNumberInputView.swift in Sources */,
				956C2A802C3E709C004F80D9 /* OTPModel.swift in Sources */,
				956E4E3C2C130A6F00234577 /* VerificationPhoneNumberScreen.swift in Sources */,
				95B440262C3BD96900129D83 /* CountryModel.swift in Sources */,
				952A38782C387A3B00BBB790 /* ProfileAccountButtonsView.swift in Sources */,
				956E4E292C11BBF700234577 /* WBMessagerApp.swift in Sources */,
				952A38822C387FE600BBB790 /* MoreScreen.swift in Sources */,
				952A387E2C387A9400BBB790 /* BottomNavigationView.swift in Sources */,
				9575D5BA2C3584620043D24D /* Constants.swift in Sources */,
				9575D5C22C35991F0043D24D /* Typography+Extension.swift in Sources */,
			);
			runOnlyForDeploymentPostprocessing = 0;
		};
/* End PBXSourcesBuildPhase section */

/* Begin PBXVariantGroup section */
		952A38632C3878C600BBB790 /* Localizable.strings */ = {
			isa = PBXVariantGroup;
			children = (
				952A38642C3878C600BBB790 /* en */,
				952A38662C3878D500BBB790 /* ru */,
			);
			name = Localizable.strings;
			sourceTree = "<group>";
		};
/* End PBXVariantGroup section */

/* Begin XCBuildConfiguration section */
		956E4E312C11BBF800234577 /* Debug */ = {
			isa = XCBuildConfiguration;
			buildSettings = {
				ALWAYS_SEARCH_USER_PATHS = NO;
				CLANG_ANALYZER_LOCALIZABILITY_NONLOCALIZED = YES;
				CLANG_ANALYZER_NONNULL = YES;
				CLANG_ANALYZER_NUMBER_OBJECT_CONVERSION = YES_AGGRESSIVE;
				CLANG_CXX_LANGUAGE_STANDARD = "gnu++20";
				CLANG_ENABLE_MODULES = YES;
				CLANG_ENABLE_OBJC_ARC = YES;
				CLANG_ENABLE_OBJC_WEAK = YES;
				CLANG_WARN_BLOCK_CAPTURE_AUTORELEASING = YES;
				CLANG_WARN_BOOL_CONVERSION = YES;
				CLANG_WARN_COMMA = YES;
				CLANG_WARN_CONSTANT_CONVERSION = YES;
				CLANG_WARN_DEPRECATED_OBJC_IMPLEMENTATIONS = YES;
				CLANG_WARN_DIRECT_OBJC_ISA_USAGE = YES_ERROR;
				CLANG_WARN_DOCUMENTATION_COMMENTS = YES;
				CLANG_WARN_EMPTY_BODY = YES;
				CLANG_WARN_ENUM_CONVERSION = YES;
				CLANG_WARN_INFINITE_RECURSION = YES;
				CLANG_WARN_INT_CONVERSION = YES;
				CLANG_WARN_NON_LITERAL_NULL_CONVERSION = YES;
				CLANG_WARN_OBJC_IMPLICIT_RETAIN_SELF = YES;
				CLANG_WARN_OBJC_LITERAL_CONVERSION = YES;
				CLANG_WARN_OBJC_ROOT_CLASS = YES_ERROR;
				CLANG_WARN_QUOTED_INCLUDE_IN_FRAMEWORK_HEADER = YES;
				CLANG_WARN_RANGE_LOOP_ANALYSIS = YES;
				CLANG_WARN_STRICT_PROTOTYPES = YES;
				CLANG_WARN_SUSPICIOUS_MOVE = YES;
				CLANG_WARN_UNGUARDED_AVAILABILITY = YES_AGGRESSIVE;
				CLANG_WARN_UNREACHABLE_CODE = YES;
				CLANG_WARN__DUPLICATE_METHOD_MATCH = YES;
				COPY_PHASE_STRIP = NO;
				DEBUG_INFORMATION_FORMAT = dwarf;
				ENABLE_STRICT_OBJC_MSGSEND = YES;
				ENABLE_TESTABILITY = YES;
				GCC_C_LANGUAGE_STANDARD = gnu11;
				GCC_DYNAMIC_NO_PIC = NO;
				GCC_NO_COMMON_BLOCKS = YES;
				GCC_OPTIMIZATION_LEVEL = 0;
				GCC_PREPROCESSOR_DEFINITIONS = (
					"DEBUG=1",
					"$(inherited)",
				);
				GCC_WARN_64_TO_32_BIT_CONVERSION = YES;
				GCC_WARN_ABOUT_RETURN_TYPE = YES_ERROR;
				GCC_WARN_UNDECLARED_SELECTOR = YES;
				GCC_WARN_UNINITIALIZED_AUTOS = YES_AGGRESSIVE;
				GCC_WARN_UNUSED_FUNCTION = YES;
				GCC_WARN_UNUSED_VARIABLE = YES;
				IPHONEOS_DEPLOYMENT_TARGET = 16.2;
				MTL_ENABLE_DEBUG_INFO = INCLUDE_SOURCE;
				MTL_FAST_MATH = YES;
				ONLY_ACTIVE_ARCH = YES;
				SDKROOT = iphoneos;
				SWIFT_ACTIVE_COMPILATION_CONDITIONS = DEBUG;
				SWIFT_OPTIMIZATION_LEVEL = "-Onone";
			};
			name = Debug;
		};
		956E4E322C11BBF800234577 /* Release */ = {
			isa = XCBuildConfiguration;
			buildSettings = {
				ALWAYS_SEARCH_USER_PATHS = NO;
				CLANG_ANALYZER_LOCALIZABILITY_NONLOCALIZED = YES;
				CLANG_ANALYZER_NONNULL = YES;
				CLANG_ANALYZER_NUMBER_OBJECT_CONVERSION = YES_AGGRESSIVE;
				CLANG_CXX_LANGUAGE_STANDARD = "gnu++20";
				CLANG_ENABLE_MODULES = YES;
				CLANG_ENABLE_OBJC_ARC = YES;
				CLANG_ENABLE_OBJC_WEAK = YES;
				CLANG_WARN_BLOCK_CAPTURE_AUTORELEASING = YES;
				CLANG_WARN_BOOL_CONVERSION = YES;
				CLANG_WARN_COMMA = YES;
				CLANG_WARN_CONSTANT_CONVERSION = YES;
				CLANG_WARN_DEPRECATED_OBJC_IMPLEMENTATIONS = YES;
				CLANG_WARN_DIRECT_OBJC_ISA_USAGE = YES_ERROR;
				CLANG_WARN_DOCUMENTATION_COMMENTS = YES;
				CLANG_WARN_EMPTY_BODY = YES;
				CLANG_WARN_ENUM_CONVERSION = YES;
				CLANG_WARN_INFINITE_RECURSION = YES;
				CLANG_WARN_INT_CONVERSION = YES;
				CLANG_WARN_NON_LITERAL_NULL_CONVERSION = YES;
				CLANG_WARN_OBJC_IMPLICIT_RETAIN_SELF = YES;
				CLANG_WARN_OBJC_LITERAL_CONVERSION = YES;
				CLANG_WARN_OBJC_ROOT_CLASS = YES_ERROR;
				CLANG_WARN_QUOTED_INCLUDE_IN_FRAMEWORK_HEADER = YES;
				CLANG_WARN_RANGE_LOOP_ANALYSIS = YES;
				CLANG_WARN_STRICT_PROTOTYPES = YES;
				CLANG_WARN_SUSPICIOUS_MOVE = YES;
				CLANG_WARN_UNGUARDED_AVAILABILITY = YES_AGGRESSIVE;
				CLANG_WARN_UNREACHABLE_CODE = YES;
				CLANG_WARN__DUPLICATE_METHOD_MATCH = YES;
				COPY_PHASE_STRIP = NO;
				DEBUG_INFORMATION_FORMAT = "dwarf-with-dsym";
				ENABLE_NS_ASSERTIONS = NO;
				ENABLE_STRICT_OBJC_MSGSEND = YES;
				GCC_C_LANGUAGE_STANDARD = gnu11;
				GCC_NO_COMMON_BLOCKS = YES;
				GCC_WARN_64_TO_32_BIT_CONVERSION = YES;
				GCC_WARN_ABOUT_RETURN_TYPE = YES_ERROR;
				GCC_WARN_UNDECLARED_SELECTOR = YES;
				GCC_WARN_UNINITIALIZED_AUTOS = YES_AGGRESSIVE;
				GCC_WARN_UNUSED_FUNCTION = YES;
				GCC_WARN_UNUSED_VARIABLE = YES;
				IPHONEOS_DEPLOYMENT_TARGET = 16.2;
				MTL_ENABLE_DEBUG_INFO = NO;
				MTL_FAST_MATH = YES;
				SDKROOT = iphoneos;
				SWIFT_COMPILATION_MODE = wholemodule;
				SWIFT_OPTIMIZATION_LEVEL = "-O";
				VALIDATE_PRODUCT = YES;
			};
			name = Release;
		};
		956E4E342C11BBF800234577 /* Debug */ = {
			isa = XCBuildConfiguration;
			buildSettings = {
				ASSETCATALOG_COMPILER_APPICON_NAME = AppIcon;
				ASSETCATALOG_COMPILER_GLOBAL_ACCENT_COLOR_NAME = AccentColor;
				CODE_SIGN_STYLE = Automatic;
				CURRENT_PROJECT_VERSION = 1;
				DEVELOPMENT_ASSET_PATHS = "\"WBMessager/Preview Content\"";
				ENABLE_PREVIEWS = YES;
				GENERATE_INFOPLIST_FILE = YES;
				INFOPLIST_KEY_UIApplicationSceneManifest_Generation = YES;
				INFOPLIST_KEY_UIApplicationSupportsIndirectInputEvents = YES;
				INFOPLIST_KEY_UILaunchScreen_Generation = YES;
				INFOPLIST_KEY_UISupportedInterfaceOrientations_iPad = "UIInterfaceOrientationPortrait UIInterfaceOrientationPortraitUpsideDown UIInterfaceOrientationLandscapeLeft UIInterfaceOrientationLandscapeRight";
				INFOPLIST_KEY_UISupportedInterfaceOrientations_iPhone = "UIInterfaceOrientationPortrait UIInterfaceOrientationLandscapeLeft UIInterfaceOrientationLandscapeRight";
				IPHONEOS_DEPLOYMENT_TARGET = 16.0;
				LD_RUNPATH_SEARCH_PATHS = (
					"$(inherited)",
					"@executable_path/Frameworks",
				);
				MARKETING_VERSION = 1.0;
				PRODUCT_BUNDLE_IDENTIFIER = "Anna-Plotnikova.WBMessager";
				PRODUCT_NAME = "$(TARGET_NAME)";
				SWIFT_EMIT_LOC_STRINGS = YES;
				SWIFT_VERSION = 5.0;
				TARGETED_DEVICE_FAMILY = "1,2";
			};
			name = Debug;
		};
		956E4E352C11BBF800234577 /* Release */ = {
			isa = XCBuildConfiguration;
			buildSettings = {
				ASSETCATALOG_COMPILER_APPICON_NAME = AppIcon;
				ASSETCATALOG_COMPILER_GLOBAL_ACCENT_COLOR_NAME = AccentColor;
				CODE_SIGN_STYLE = Automatic;
				CURRENT_PROJECT_VERSION = 1;
				DEVELOPMENT_ASSET_PATHS = "\"WBMessager/Preview Content\"";
				ENABLE_PREVIEWS = YES;
				GENERATE_INFOPLIST_FILE = YES;
				INFOPLIST_KEY_UIApplicationSceneManifest_Generation = YES;
				INFOPLIST_KEY_UIApplicationSupportsIndirectInputEvents = YES;
				INFOPLIST_KEY_UILaunchScreen_Generation = YES;
				INFOPLIST_KEY_UISupportedInterfaceOrientations_iPad = "UIInterfaceOrientationPortrait UIInterfaceOrientationPortraitUpsideDown UIInterfaceOrientationLandscapeLeft UIInterfaceOrientationLandscapeRight";
				INFOPLIST_KEY_UISupportedInterfaceOrientations_iPhone = "UIInterfaceOrientationPortrait UIInterfaceOrientationLandscapeLeft UIInterfaceOrientationLandscapeRight";
				IPHONEOS_DEPLOYMENT_TARGET = 16.0;
				LD_RUNPATH_SEARCH_PATHS = (
					"$(inherited)",
					"@executable_path/Frameworks",
				);
				MARKETING_VERSION = 1.0;
				PRODUCT_BUNDLE_IDENTIFIER = "Anna-Plotnikova.WBMessager";
				PRODUCT_NAME = "$(TARGET_NAME)";
				SWIFT_EMIT_LOC_STRINGS = YES;
				SWIFT_VERSION = 5.0;
				TARGETED_DEVICE_FAMILY = "1,2";
			};
			name = Release;
		};
/* End XCBuildConfiguration section */

/* Begin XCConfigurationList section */
		956E4E202C11BBF700234577 /* Build configuration list for PBXProject "WBMessager" */ = {
			isa = XCConfigurationList;
			buildConfigurations = (
				956E4E312C11BBF800234577 /* Debug */,
				956E4E322C11BBF800234577 /* Release */,
			);
			defaultConfigurationIsVisible = 0;
			defaultConfigurationName = Release;
		};
		956E4E332C11BBF800234577 /* Build configuration list for PBXNativeTarget "WBMessager" */ = {
			isa = XCConfigurationList;
			buildConfigurations = (
				956E4E342C11BBF800234577 /* Debug */,
				956E4E352C11BBF800234577 /* Release */,
			);
			defaultConfigurationIsVisible = 0;
			defaultConfigurationName = Release;
		};
/* End XCConfigurationList section */
	};
	rootObject = 956E4E1D2C11BBF700234577 /* Project object */;
}
