// !$*UTF8*$!
{
	archiveVersion = 1;
	classes = {
	};
	objectVersion = 56;
	objects = {

/* Begin PBXBuildFile section */
		956E4E292C11BBF700234577 /* WBMessagerApp.swift in Sources */ = {isa = PBXBuildFile; fileRef = 956E4E282C11BBF700234577 /* WBMessagerApp.swift */; };
		956E4E2B2C11BBF700234577 /* WalkthroughScreen.swift in Sources */ = {isa = PBXBuildFile; fileRef = 956E4E2A2C11BBF700234577 /* WalkthroughScreen.swift */; };
		956E4E2D2C11BBF800234577 /* Assets.xcassets in Resources */ = {isa = PBXBuildFile; fileRef = 956E4E2C2C11BBF800234577 /* Assets.xcassets */; };
		956E4E302C11BBF800234577 /* Preview Assets.xcassets in Resources */ = {isa = PBXBuildFile; fileRef = 956E4E2F2C11BBF800234577 /* Preview Assets.xcassets */; };
		956E4E3A2C12ECD200234577 /* ActionButtonView.swift in Sources */ = {isa = PBXBuildFile; fileRef = 956E4E392C12ECD200234577 /* ActionButtonView.swift */; };
		956E4E3C2C130A6F00234577 /* VerificationScreen.swift in Sources */ = {isa = PBXBuildFile; fileRef = 956E4E3B2C130A6F00234577 /* VerificationScreen.swift */; };
		95D4794D2C20462C000B3E1E /* UserAgreementView.swift in Sources */ = {isa = PBXBuildFile; fileRef = 95D4794C2C20462C000B3E1E /* UserAgreementView.swift */; };
		95D479502C208FDF000B3E1E /* DateExtension.swift in Sources */ = {isa = PBXBuildFile; fileRef = 95D4794F2C208FDF000B3E1E /* DateExtension.swift */; };
		95DF65FD2C13222D0035116E /* TypographyExtension.swift in Sources */ = {isa = PBXBuildFile; fileRef = 95DF65FC2C13222D0035116E /* TypographyExtension.swift */; };
		95DF66012C19929D0035116E /* ContactCardModel.swift in Sources */ = {isa = PBXBuildFile; fileRef = 95DF66002C19929D0035116E /* ContactCardModel.swift */; };
		95DF66032C19A5040035116E /* ContactAvatarView.swift in Sources */ = {isa = PBXBuildFile; fileRef = 95DF66022C19A5040035116E /* ContactAvatarView.swift */; };
		95DF66052C19A58C0035116E /* ContactCardView.swift in Sources */ = {isa = PBXBuildFile; fileRef = 95DF66042C19A58C0035116E /* ContactCardView.swift */; };
		95DF66072C19AEAF0035116E /* SearchBarView.swift in Sources */ = {isa = PBXBuildFile; fileRef = 95DF66062C19AEAF0035116E /* SearchBarView.swift */; };
		95DF66092C19B98B0035116E /* BottomNavigationView.swift in Sources */ = {isa = PBXBuildFile; fileRef = 95DF66082C19B98B0035116E /* BottomNavigationView.swift */; };
		95DF660F2C19DCD30035116E /* ContactsScreen.swift in Sources */ = {isa = PBXBuildFile; fileRef = 95DF660E2C19DCD30035116E /* ContactsScreen.swift */; };
		95DF66122C1B0B520035116E /* ChatsScreen.swift in Sources */ = {isa = PBXBuildFile; fileRef = 95DF66112C1B0B520035116E /* ChatsScreen.swift */; };
		95DF66142C1B0B930035116E /* MoreScreen.swift in Sources */ = {isa = PBXBuildFile; fileRef = 95DF66132C1B0B930035116E /* MoreScreen.swift */; };
		95DF66162C1B5E6D0035116E /* ProfileAccountScreen.swift in Sources */ = {isa = PBXBuildFile; fileRef = 95DF66152C1B5E6D0035116E /* ProfileAccountScreen.swift */; };
		95DF661B2C1B64160035116E /* ProfileAccountButtonsView.swift in Sources */ = {isa = PBXBuildFile; fileRef = 95DF661A2C1B64160035116E /* ProfileAccountButtonsView.swift */; };
/* End PBXBuildFile section */

/* Begin PBXFileReference section */
		956E4E252C11BBF700234577 /* WBMessager.app */ = {isa = PBXFileReference; explicitFileType = wrapper.application; includeInIndex = 0; path = WBMessager.app; sourceTree = BUILT_PRODUCTS_DIR; };
		956E4E282C11BBF700234577 /* WBMessagerApp.swift */ = {isa = PBXFileReference; lastKnownFileType = sourcecode.swift; path = WBMessagerApp.swift; sourceTree = "<group>"; };
		956E4E2A2C11BBF700234577 /* WalkthroughScreen.swift */ = {isa = PBXFileReference; lastKnownFileType = sourcecode.swift; path = WalkthroughScreen.swift; sourceTree = "<group>"; };
		956E4E2C2C11BBF800234577 /* Assets.xcassets */ = {isa = PBXFileReference; lastKnownFileType = folder.assetcatalog; path = Assets.xcassets; sourceTree = "<group>"; };
		956E4E2F2C11BBF800234577 /* Preview Assets.xcassets */ = {isa = PBXFileReference; lastKnownFileType = folder.assetcatalog; path = "Preview Assets.xcassets"; sourceTree = "<group>"; };
		956E4E392C12ECD200234577 /* ActionButtonView.swift */ = {isa = PBXFileReference; lastKnownFileType = sourcecode.swift; path = ActionButtonView.swift; sourceTree = "<group>"; };
		956E4E3B2C130A6F00234577 /* VerificationScreen.swift */ = {isa = PBXFileReference; lastKnownFileType = sourcecode.swift; path = VerificationScreen.swift; sourceTree = "<group>"; };
		95D4794C2C20462C000B3E1E /* UserAgreementView.swift */ = {isa = PBXFileReference; lastKnownFileType = sourcecode.swift; path = UserAgreementView.swift; sourceTree = "<group>"; };
		95D4794F2C208FDF000B3E1E /* DateExtension.swift */ = {isa = PBXFileReference; lastKnownFileType = sourcecode.swift; path = DateExtension.swift; sourceTree = "<group>"; };
		95DF65FC2C13222D0035116E /* TypographyExtension.swift */ = {isa = PBXFileReference; lastKnownFileType = sourcecode.swift; path = TypographyExtension.swift; sourceTree = "<group>"; };
		95DF66002C19929D0035116E /* ContactCardModel.swift */ = {isa = PBXFileReference; lastKnownFileType = sourcecode.swift; path = ContactCardModel.swift; sourceTree = "<group>"; };
		95DF66022C19A5040035116E /* ContactAvatarView.swift */ = {isa = PBXFileReference; lastKnownFileType = sourcecode.swift; path = ContactAvatarView.swift; sourceTree = "<group>"; };
		95DF66042C19A58C0035116E /* ContactCardView.swift */ = {isa = PBXFileReference; lastKnownFileType = sourcecode.swift; path = ContactCardView.swift; sourceTree = "<group>"; };
		95DF66062C19AEAF0035116E /* SearchBarView.swift */ = {isa = PBXFileReference; lastKnownFileType = sourcecode.swift; path = SearchBarView.swift; sourceTree = "<group>"; };
		95DF66082C19B98B0035116E /* BottomNavigationView.swift */ = {isa = PBXFileReference; lastKnownFileType = sourcecode.swift; path = BottomNavigationView.swift; sourceTree = "<group>"; };
		95DF660E2C19DCD30035116E /* ContactsScreen.swift */ = {isa = PBXFileReference; lastKnownFileType = sourcecode.swift; path = ContactsScreen.swift; sourceTree = "<group>"; };
		95DF66112C1B0B520035116E /* ChatsScreen.swift */ = {isa = PBXFileReference; lastKnownFileType = sourcecode.swift; path = ChatsScreen.swift; sourceTree = "<group>"; };
		95DF66132C1B0B930035116E /* MoreScreen.swift */ = {isa = PBXFileReference; lastKnownFileType = sourcecode.swift; path = MoreScreen.swift; sourceTree = "<group>"; };
		95DF66152C1B5E6D0035116E /* ProfileAccountScreen.swift */ = {isa = PBXFileReference; lastKnownFileType = sourcecode.swift; path = ProfileAccountScreen.swift; sourceTree = "<group>"; };
		95DF661A2C1B64160035116E /* ProfileAccountButtonsView.swift */ = {isa = PBXFileReference; lastKnownFileType = sourcecode.swift; path = ProfileAccountButtonsView.swift; sourceTree = "<group>"; };
/* End PBXFileReference section */

/* Begin PBXFrameworksBuildPhase section */
		956E4E222C11BBF700234577 /* Frameworks */ = {
			isa = PBXFrameworksBuildPhase;
			buildActionMask = 2147483647;
			files = (
			);
			runOnlyForDeploymentPostprocessing = 0;
		};
/* End PBXFrameworksBuildPhase section */

/* Begin PBXGroup section */
		956E4E1C2C11BBF700234577 = {
			isa = PBXGroup;
			children = (
				956E4E272C11BBF700234577 /* WBMessager */,
				956E4E262C11BBF700234577 /* Products */,
			);
			sourceTree = "<group>";
		};
		956E4E262C11BBF700234577 /* Products */ = {
			isa = PBXGroup;
			children = (
				956E4E252C11BBF700234577 /* WBMessager.app */,
			);
			name = Products;
			sourceTree = "<group>";
		};
		956E4E272C11BBF700234577 /* WBMessager */ = {
			isa = PBXGroup;
			children = (
				95DF66112C1B0B520035116E /* ChatsScreen.swift */,
				95DF66132C1B0B930035116E /* MoreScreen.swift */,
				95DF66192C1B5F0E0035116E /* ProfileAcountScreen */,
				95DF66102C19DCDA0035116E /* ContactsScreen */,
				956E4E2C2C11BBF800234577 /* Assets.xcassets */,
				956E4E282C11BBF700234577 /* WBMessagerApp.swift */,
				95DF65FF2C19923C0035116E /* VerificationScreen */,
				95DF65FA2C1321F90035116E /* Common */,
				95DF65FE2C1991E90035116E /* WalkthroughScreen */,
				956E4E2E2C11BBF800234577 /* Preview Content */,
			);
			path = WBMessager;
			sourceTree = "<group>";
		};
		956E4E2E2C11BBF800234577 /* Preview Content */ = {
			isa = PBXGroup;
			children = (
				956E4E2F2C11BBF800234577 /* Preview Assets.xcassets */,
			);
			path = "Preview Content";
			sourceTree = "<group>";
		};
		95D4794E2C204E15000B3E1E /* Components */ = {
			isa = PBXGroup;
			children = (
				95D4794C2C20462C000B3E1E /* UserAgreementView.swift */,
				956E4E392C12ECD200234577 /* ActionButtonView.swift */,
			);
			path = Components;
			sourceTree = "<group>";
		};
		95D479522C2094F1000B3E1E /* Components */ = {
			isa = PBXGroup;
			children = (
				95DF66082C19B98B0035116E /* BottomNavigationView.swift */,
				95DF66062C19AEAF0035116E /* SearchBarView.swift */,
			);
			path = Components;
			sourceTree = "<group>";
		};
		95DF65FA2C1321F90035116E /* Common */ = {
			isa = PBXGroup;
			children = (
				95D479522C2094F1000B3E1E /* Components */,
				95DF65FB2C1322060035116E /* Extensions */,
			);
			path = Common;
			sourceTree = "<group>";
		};
		95DF65FB2C1322060035116E /* Extensions */ = {
			isa = PBXGroup;
			children = (
				95DF65FC2C13222D0035116E /* TypographyExtension.swift */,
				95D4794F2C208FDF000B3E1E /* DateExtension.swift */,
			);
			path = Extensions;
			sourceTree = "<group>";
		};
		95DF65FE2C1991E90035116E /* WalkthroughScreen */ = {
			isa = PBXGroup;
			children = (
				95D4794E2C204E15000B3E1E /* Components */,
				956E4E2A2C11BBF700234577 /* WalkthroughScreen.swift */,
			);
			path = WalkthroughScreen;
			sourceTree = "<group>";
		};
		95DF65FF2C19923C0035116E /* VerificationScreen */ = {
			isa = PBXGroup;
			children = (
				956E4E3B2C130A6F00234577 /* VerificationScreen.swift */,
			);
			path = VerificationScreen;
			sourceTree = "<group>";
		};
		95DF66102C19DCDA0035116E /* ContactsScreen */ = {
			isa = PBXGroup;
			children = (
				95DF66182C1B5EC10035116E /* Model */,
				95DF66172C1B5E9D0035116E /* Components */,
				95DF660E2C19DCD30035116E /* ContactsScreen.swift */,
			);
			path = ContactsScreen;
			sourceTree = "<group>";
		};
		95DF66172C1B5E9D0035116E /* Components */ = {
			isa = PBXGroup;
			children = (
				95DF66042C19A58C0035116E /* ContactCardView.swift */,
				95DF66022C19A5040035116E /* ContactAvatarView.swift */,
			);
			path = Components;
			sourceTree = "<group>";
		};
		95DF66182C1B5EC10035116E /* Model */ = {
			isa = PBXGroup;
			children = (
				95DF66002C19929D0035116E /* ContactCardModel.swift */,
			);
			path = Model;
			sourceTree = "<group>";
		};
		95DF66192C1B5F0E0035116E /* ProfileAcountScreen */ = {
			isa = PBXGroup;
			children = (
				95DF66152C1B5E6D0035116E /* ProfileAccountScreen.swift */,
				95DF661A2C1B64160035116E /* ProfileAccountButtonsView.swift */,
			);
			path = ProfileAcountScreen;
			sourceTree = "<group>";
		};
/* End PBXGroup section */

/* Begin PBXNativeTarget section */
		956E4E242C11BBF700234577 /* WBMessager */ = {
			isa = PBXNativeTarget;
			buildConfigurationList = 956E4E332C11BBF800234577 /* Build configuration list for PBXNativeTarget "WBMessager" */;
			buildPhases = (
				956E4E212C11BBF700234577 /* Sources */,
				956E4E222C11BBF700234577 /* Frameworks */,
				956E4E232C11BBF700234577 /* Resources */,
			);
			buildRules = (
			);
			dependencies = (
			);
			name = WBMessager;
			productName = WBMessager;
			productReference = 956E4E252C11BBF700234577 /* WBMessager.app */;
			productType = "com.apple.product-type.application";
		};
/* End PBXNativeTarget section */

/* Begin PBXProject section */
		956E4E1D2C11BBF700234577 /* Project object */ = {
			isa = PBXProject;
			attributes = {
				BuildIndependentTargetsInParallel = 1;
				LastSwiftUpdateCheck = 1420;
				LastUpgradeCheck = 1420;
				TargetAttributes = {
					956E4E242C11BBF700234577 = {
						CreatedOnToolsVersion = 14.2;
					};
				};
			};
			buildConfigurationList = 956E4E202C11BBF700234577 /* Build configuration list for PBXProject "WBMessager" */;
			compatibilityVersion = "Xcode 14.0";
			developmentRegion = en;
			hasScannedForEncodings = 0;
			knownRegions = (
				en,
				Base,
			);
			mainGroup = 956E4E1C2C11BBF700234577;
			productRefGroup = 956E4E262C11BBF700234577 /* Products */;
			projectDirPath = "";
			projectRoot = "";
			targets = (
				956E4E242C11BBF700234577 /* WBMessager */,
			);
		};
/* End PBXProject section */

/* Begin PBXResourcesBuildPhase section */
		956E4E232C11BBF700234577 /* Resources */ = {
			isa = PBXResourcesBuildPhase;
			buildActionMask = 2147483647;
			files = (
				956E4E302C11BBF800234577 /* Preview Assets.xcassets in Resources */,
				956E4E2D2C11BBF800234577 /* Assets.xcassets in Resources */,
			);
			runOnlyForDeploymentPostprocessing = 0;
		};
/* End PBXResourcesBuildPhase section */

/* Begin PBXSourcesBuildPhase section */
		956E4E212C11BBF700234577 /* Sources */ = {
			isa = PBXSourcesBuildPhase;
			buildActionMask = 2147483647;
			files = (
				95DF66092C19B98B0035116E /* BottomNavigationView.swift in Sources */,
				95D479502C208FDF000B3E1E /* DateExtension.swift in Sources */,
				95DF661B2C1B64160035116E /* ProfileAccountButtonsView.swift in Sources */,
				956E4E3A2C12ECD200234577 /* ActionButtonView.swift in Sources */,
				95DF66162C1B5E6D0035116E /* ProfileAccountScreen.swift in Sources */,
				95D4794D2C20462C000B3E1E /* UserAgreementView.swift in Sources */,
				95DF66052C19A58C0035116E /* ContactCardView.swift in Sources */,
				95DF66072C19AEAF0035116E /* SearchBarView.swift in Sources */,
				956E4E2B2C11BBF700234577 /* WalkthroughScreen.swift in Sources */,
				95DF66012C19929D0035116E /* ContactCardModel.swift in Sources */,
				95DF66142C1B0B930035116E /* MoreScreen.swift in Sources */,
				95DF660F2C19DCD30035116E /* ContactsScreen.swift in Sources */,
				95DF66122C1B0B520035116E /* ChatsScreen.swift in Sources */,
				95DF65FD2C13222D0035116E /* TypographyExtension.swift in Sources */,
				95DF66032C19A5040035116E /* ContactAvatarView.swift in Sources */,
				956E4E3C2C130A6F00234577 /* VerificationScreen.swift in Sources */,
				956E4E292C11BBF700234577 /* WBMessagerApp.swift in Sources */,
			);
			runOnlyForDeploymentPostprocessing = 0;
		};
/* End PBXSourcesBuildPhase section */

/* Begin XCBuildConfiguration section */
		956E4E312C11BBF800234577 /* Debug */ = {
			isa = XCBuildConfiguration;
			buildSettings = {
				ALWAYS_SEARCH_USER_PATHS = NO;
				CLANG_ANALYZER_NONNULL = YES;
				CLANG_ANALYZER_NUMBER_OBJECT_CONVERSION = YES_AGGRESSIVE;
				CLANG_CXX_LANGUAGE_STANDARD = "gnu++20";
				CLANG_ENABLE_MODULES = YES;
				CLANG_ENABLE_OBJC_ARC = YES;
				CLANG_ENABLE_OBJC_WEAK = YES;
				CLANG_WARN_BLOCK_CAPTURE_AUTORELEASING = YES;
				CLANG_WARN_BOOL_CONVERSION = YES;
				CLANG_WARN_COMMA = YES;
				CLANG_WARN_CONSTANT_CONVERSION = YES;
				CLANG_WARN_DEPRECATED_OBJC_IMPLEMENTATIONS = YES;
				CLANG_WARN_DIRECT_OBJC_ISA_USAGE = YES_ERROR;
				CLANG_WARN_DOCUMENTATION_COMMENTS = YES;
				CLANG_WARN_EMPTY_BODY = YES;
				CLANG_WARN_ENUM_CONVERSION = YES;
				CLANG_WARN_INFINITE_RECURSION = YES;
				CLANG_WARN_INT_CONVERSION = YES;
				CLANG_WARN_NON_LITERAL_NULL_CONVERSION = YES;
				CLANG_WARN_OBJC_IMPLICIT_RETAIN_SELF = YES;
				CLANG_WARN_OBJC_LITERAL_CONVERSION = YES;
				CLANG_WARN_OBJC_ROOT_CLASS = YES_ERROR;
				CLANG_WARN_QUOTED_INCLUDE_IN_FRAMEWORK_HEADER = YES;
				CLANG_WARN_RANGE_LOOP_ANALYSIS = YES;
				CLANG_WARN_STRICT_PROTOTYPES = YES;
				CLANG_WARN_SUSPICIOUS_MOVE = YES;
				CLANG_WARN_UNGUARDED_AVAILABILITY = YES_AGGRESSIVE;
				CLANG_WARN_UNREACHABLE_CODE = YES;
				CLANG_WARN__DUPLICATE_METHOD_MATCH = YES;
				COPY_PHASE_STRIP = NO;
				DEBUG_INFORMATION_FORMAT = dwarf;
				ENABLE_STRICT_OBJC_MSGSEND = YES;
				ENABLE_TESTABILITY = YES;
				GCC_C_LANGUAGE_STANDARD = gnu11;
				GCC_DYNAMIC_NO_PIC = NO;
				GCC_NO_COMMON_BLOCKS = YES;
				GCC_OPTIMIZATION_LEVEL = 0;
				GCC_PREPROCESSOR_DEFINITIONS = (
					"DEBUG=1",
					"$(inherited)",
				);
				GCC_WARN_64_TO_32_BIT_CONVERSION = YES;
				GCC_WARN_ABOUT_RETURN_TYPE = YES_ERROR;
				GCC_WARN_UNDECLARED_SELECTOR = YES;
				GCC_WARN_UNINITIALIZED_AUTOS = YES_AGGRESSIVE;
				GCC_WARN_UNUSED_FUNCTION = YES;
				GCC_WARN_UNUSED_VARIABLE = YES;
				IPHONEOS_DEPLOYMENT_TARGET = 16.2;
				MTL_ENABLE_DEBUG_INFO = INCLUDE_SOURCE;
				MTL_FAST_MATH = YES;
				ONLY_ACTIVE_ARCH = YES;
				SDKROOT = iphoneos;
				SWIFT_ACTIVE_COMPILATION_CONDITIONS = DEBUG;
				SWIFT_OPTIMIZATION_LEVEL = "-Onone";
			};
			name = Debug;
		};
		956E4E322C11BBF800234577 /* Release */ = {
			isa = XCBuildConfiguration;
			buildSettings = {
				ALWAYS_SEARCH_USER_PATHS = NO;
				CLANG_ANALYZER_NONNULL = YES;
				CLANG_ANALYZER_NUMBER_OBJECT_CONVERSION = YES_AGGRESSIVE;
				CLANG_CXX_LANGUAGE_STANDARD = "gnu++20";
				CLANG_ENABLE_MODULES = YES;
				CLANG_ENABLE_OBJC_ARC = YES;
				CLANG_ENABLE_OBJC_WEAK = YES;
				CLANG_WARN_BLOCK_CAPTURE_AUTORELEASING = YES;
				CLANG_WARN_BOOL_CONVERSION = YES;
				CLANG_WARN_COMMA = YES;
				CLANG_WARN_CONSTANT_CONVERSION = YES;
				CLANG_WARN_DEPRECATED_OBJC_IMPLEMENTATIONS = YES;
				CLANG_WARN_DIRECT_OBJC_ISA_USAGE = YES_ERROR;
				CLANG_WARN_DOCUMENTATION_COMMENTS = YES;
				CLANG_WARN_EMPTY_BODY = YES;
				CLANG_WARN_ENUM_CONVERSION = YES;
				CLANG_WARN_INFINITE_RECURSION = YES;
				CLANG_WARN_INT_CONVERSION = YES;
				CLANG_WARN_NON_LITERAL_NULL_CONVERSION = YES;
				CLANG_WARN_OBJC_IMPLICIT_RETAIN_SELF = YES;
				CLANG_WARN_OBJC_LITERAL_CONVERSION = YES;
				CLANG_WARN_OBJC_ROOT_CLASS = YES_ERROR;
				CLANG_WARN_QUOTED_INCLUDE_IN_FRAMEWORK_HEADER = YES;
				CLANG_WARN_RANGE_LOOP_ANALYSIS = YES;
				CLANG_WARN_STRICT_PROTOTYPES = YES;
				CLANG_WARN_SUSPICIOUS_MOVE = YES;
				CLANG_WARN_UNGUARDED_AVAILABILITY = YES_AGGRESSIVE;
				CLANG_WARN_UNREACHABLE_CODE = YES;
				CLANG_WARN__DUPLICATE_METHOD_MATCH = YES;
				COPY_PHASE_STRIP = NO;
				DEBUG_INFORMATION_FORMAT = "dwarf-with-dsym";
				ENABLE_NS_ASSERTIONS = NO;
				ENABLE_STRICT_OBJC_MSGSEND = YES;
				GCC_C_LANGUAGE_STANDARD = gnu11;
				GCC_NO_COMMON_BLOCKS = YES;
				GCC_WARN_64_TO_32_BIT_CONVERSION = YES;
				GCC_WARN_ABOUT_RETURN_TYPE = YES_ERROR;
				GCC_WARN_UNDECLARED_SELECTOR = YES;
				GCC_WARN_UNINITIALIZED_AUTOS = YES_AGGRESSIVE;
				GCC_WARN_UNUSED_FUNCTION = YES;
				GCC_WARN_UNUSED_VARIABLE = YES;
				IPHONEOS_DEPLOYMENT_TARGET = 16.2;
				MTL_ENABLE_DEBUG_INFO = NO;
				MTL_FAST_MATH = YES;
				SDKROOT = iphoneos;
				SWIFT_COMPILATION_MODE = wholemodule;
				SWIFT_OPTIMIZATION_LEVEL = "-O";
				VALIDATE_PRODUCT = YES;
			};
			name = Release;
		};
		956E4E342C11BBF800234577 /* Debug */ = {
			isa = XCBuildConfiguration;
			buildSettings = {
				ASSETCATALOG_COMPILER_APPICON_NAME = AppIcon;
				ASSETCATALOG_COMPILER_GLOBAL_ACCENT_COLOR_NAME = AccentColor;
				CODE_SIGN_STYLE = Automatic;
				CURRENT_PROJECT_VERSION = 1;
				DEVELOPMENT_ASSET_PATHS = "\"WBMessager/Preview Content\"";
				ENABLE_PREVIEWS = YES;
				GENERATE_INFOPLIST_FILE = YES;
				INFOPLIST_KEY_UIApplicationSceneManifest_Generation = YES;
				INFOPLIST_KEY_UIApplicationSupportsIndirectInputEvents = YES;
				INFOPLIST_KEY_UILaunchScreen_Generation = YES;
				INFOPLIST_KEY_UISupportedInterfaceOrientations_iPad = "UIInterfaceOrientationPortrait UIInterfaceOrientationPortraitUpsideDown UIInterfaceOrientationLandscapeLeft UIInterfaceOrientationLandscapeRight";
				INFOPLIST_KEY_UISupportedInterfaceOrientations_iPhone = "UIInterfaceOrientationPortrait UIInterfaceOrientationLandscapeLeft UIInterfaceOrientationLandscapeRight";
				IPHONEOS_DEPLOYMENT_TARGET = 16.0;
				LD_RUNPATH_SEARCH_PATHS = (
					"$(inherited)",
					"@executable_path/Frameworks",
				);
				MARKETING_VERSION = 1.0;
				PRODUCT_BUNDLE_IDENTIFIER = "Anna-Plotnikova.WBMessager";
				PRODUCT_NAME = "$(TARGET_NAME)";
				SWIFT_EMIT_LOC_STRINGS = YES;
				SWIFT_VERSION = 5.0;
				TARGETED_DEVICE_FAMILY = "1,2";
			};
			name = Debug;
		};
		956E4E352C11BBF800234577 /* Release */ = {
			isa = XCBuildConfiguration;
			buildSettings = {
				ASSETCATALOG_COMPILER_APPICON_NAME = AppIcon;
				ASSETCATALOG_COMPILER_GLOBAL_ACCENT_COLOR_NAME = AccentColor;
				CODE_SIGN_STYLE = Automatic;
				CURRENT_PROJECT_VERSION = 1;
				DEVELOPMENT_ASSET_PATHS = "\"WBMessager/Preview Content\"";
				ENABLE_PREVIEWS = YES;
				GENERATE_INFOPLIST_FILE = YES;
				INFOPLIST_KEY_UIApplicationSceneManifest_Generation = YES;
				INFOPLIST_KEY_UIApplicationSupportsIndirectInputEvents = YES;
				INFOPLIST_KEY_UILaunchScreen_Generation = YES;
				INFOPLIST_KEY_UISupportedInterfaceOrientations_iPad = "UIInterfaceOrientationPortrait UIInterfaceOrientationPortraitUpsideDown UIInterfaceOrientationLandscapeLeft UIInterfaceOrientationLandscapeRight";
				INFOPLIST_KEY_UISupportedInterfaceOrientations_iPhone = "UIInterfaceOrientationPortrait UIInterfaceOrientationLandscapeLeft UIInterfaceOrientationLandscapeRight";
				IPHONEOS_DEPLOYMENT_TARGET = 16.0;
				LD_RUNPATH_SEARCH_PATHS = (
					"$(inherited)",
					"@executable_path/Frameworks",
				);
				MARKETING_VERSION = 1.0;
				PRODUCT_BUNDLE_IDENTIFIER = "Anna-Plotnikova.WBMessager";
				PRODUCT_NAME = "$(TARGET_NAME)";
				SWIFT_EMIT_LOC_STRINGS = YES;
				SWIFT_VERSION = 5.0;
				TARGETED_DEVICE_FAMILY = "1,2";
			};
			name = Release;
		};
/* End XCBuildConfiguration section */

/* Begin XCConfigurationList section */
		956E4E202C11BBF700234577 /* Build configuration list for PBXProject "WBMessager" */ = {
			isa = XCConfigurationList;
			buildConfigurations = (
				956E4E312C11BBF800234577 /* Debug */,
				956E4E322C11BBF800234577 /* Release */,
			);
			defaultConfigurationIsVisible = 0;
			defaultConfigurationName = Release;
		};
		956E4E332C11BBF800234577 /* Build configuration list for PBXNativeTarget "WBMessager" */ = {
			isa = XCConfigurationList;
			buildConfigurations = (
				956E4E342C11BBF800234577 /* Debug */,
				956E4E352C11BBF800234577 /* Release */,
			);
			defaultConfigurationIsVisible = 0;
			defaultConfigurationName = Release;
		};
/* End XCConfigurationList section */
	};
	rootObject = 956E4E1D2C11BBF700234577 /* Project object */;
}
